
Microsoft Visual Studio Solution File, Format Version 12.00
# Visual Studio Version 16
VisualStudioVersion = 16.0.31729.503
MinimumVisualStudioVersion = 10.0.40219.1
Project("{9A19103F-16F7-4668-BE54-9A1E7A4F7556}") = "Galaxy.DataAccess", "Galaxy.DataAccess\Galaxy.DataAccess.csproj", "{E05FA292-E504-4322-A9D0-7C16A33AEE86}"
EndProject
Project("{9A19103F-16F7-4668-BE54-9A1E7A4F7556}") = "Galaxy.BusinessLogic", "Galaxy.BusinessLogic\Galaxy.BusinessLogic.csproj", "{870B4B76-78BC-4A2E-A92B-51D138066AA2}"
EndProject
Project("{9A19103F-16F7-4668-BE54-9A1E7A4F7556}") = "Galaxy.Entities", "Galaxy.Model\Galaxy.Entities.csproj", "{0F4B00C7-1FFD-4897-A923-0511DDFEA137}"
EndProject
Project("{9A19103F-16F7-4668-BE54-9A1E7A4F7556}") = "Galaxy.Core", "Galaxy.Core\Galaxy.Core.csproj", "{67776F6B-5186-4CA1-A8BF-66DFB44B4CF4}"
EndProject
Project("{9A19103F-16F7-4668-BE54-9A1E7A4F7556}") = "Galaxy.PL.CoreMVC", "Galaxy.PL.CoreMVC\Galaxy.PL.CoreMVC.csproj", "{776875A7-7A54-4475-8406-B0E119D57010}"
EndProject
Project("{9A19103F-16F7-4668-BE54-9A1E7A4F7556}") = "Galaxy.Genesis", "Galaxy.Genesis\Galaxy.Genesis.csproj", "{8144E444-BE85-47B4-A5B4-1A16B7BB08DE}"
EndProject
Global
	GlobalSection(SolutionConfigurationPlatforms) = preSolution
		Debug|Any CPU = Debug|Any CPU
		Release|Any CPU = Release|Any CPU
	EndGlobalSection
	GlobalSection(ProjectConfigurationPlatforms) = postSolution
		{E05FA292-E504-4322-A9D0-7C16A33AEE86}.Debug|Any CPU.ActiveCfg = Debug|Any CPU
		{E05FA292-E504-4322-A9D0-7C16A33AEE86}.Debug|Any CPU.Build.0 = Debug|Any CPU
		{E05FA292-E504-4322-A9D0-7C16A33AEE86}.Release|Any CPU.ActiveCfg = Release|Any CPU
		{E05FA292-E504-4322-A9D0-7C16A33AEE86}.Release|Any CPU.Build.0 = Release|Any CPU
		{870B4B76-78BC-4A2E-A92B-51D138066AA2}.Debug|Any CPU.ActiveCfg = Debug|Any CPU
		{870B4B76-78BC-4A2E-A92B-51D138066AA2}.Debug|Any CPU.Build.0 = Debug|Any CPU
		{870B4B76-78BC-4A2E-A92B-51D138066AA2}.Release|Any CPU.ActiveCfg = Release|Any CPU
		{870B4B76-78BC-4A2E-A92B-51D138066AA2}.Release|Any CPU.Build.0 = Release|Any CPU
		{0F4B00C7-1FFD-4897-A923-0511DDFEA137}.Debug|Any CPU.ActiveCfg = Debug|Any CPU
		{0F4B00C7-1FFD-4897-A923-0511DDFEA137}.Debug|Any CPU.Build.0 = Debug|Any CPU
		{0F4B00C7-1FFD-4897-A923-0511DDFEA137}.Release|Any CPU.ActiveCfg = Release|Any CPU
		{0F4B00C7-1FFD-4897-A923-0511DDFEA137}.Release|Any CPU.Build.0 = Release|Any CPU
		{67776F6B-5186-4CA1-A8BF-66DFB44B4CF4}.Debug|Any CPU.ActiveCfg = Debug|Any CPU
		{67776F6B-5186-4CA1-A8BF-66DFB44B4CF4}.Debug|Any CPU.Build.0 = Debug|Any CPU
		{67776F6B-5186-4CA1-A8BF-66DFB44B4CF4}.Release|Any CPU.ActiveCfg = Release|Any CPU
		{67776F6B-5186-4CA1-A8BF-66DFB44B4CF4}.Release|Any CPU.Build.0 = Release|Any CPU
		{776875A7-7A54-4475-8406-B0E119D57010}.Debug|Any CPU.ActiveCfg = Debug|Any CPU
		{776875A7-7A54-4475-8406-B0E119D57010}.Debug|Any CPU.Build.0 = Debug|Any CPU
		{776875A7-7A54-4475-8406-B0E119D57010}.Release|Any CPU.ActiveCfg = Release|Any CPU
		{776875A7-7A54-4475-8406-B0E119D57010}.Release|Any CPU.Build.0 = Release|Any CPU
		{8144E444-BE85-47B4-A5B4-1A16B7BB08DE}.Debug|Any CPU.ActiveCfg = Debug|Any CPU
		{8144E444-BE85-47B4-A5B4-1A16B7BB08DE}.Debug|Any CPU.Build.0 = Debug|Any CPU
		{8144E444-BE85-47B4-A5B4-1A16B7BB08DE}.Release|Any CPU.ActiveCfg = Release|Any CPU
		{8144E444-BE85-47B4-A5B4-1A16B7BB08DE}.Release|Any CPU.Build.0 = Release|Any CPU
	EndGlobalSection
	GlobalSection(SolutionProperties) = preSolution
		HideSolutionNode = FALSE
	EndGlobalSection
	GlobalSection(ExtensibilityGlobals) = postSolution
		SolutionGuid = {89636B83-554C-4E22-AD32-BC3830DF69A8}
	EndGlobalSection
EndGlobal
